
Microsoft Visual Studio Solution File, Format Version 12.00
# Visual Studio Version 16
VisualStudioVersion = 16.0.31410.357
MinimumVisualStudioVersion = 10.0.40219.1
Project("{FAE04EC0-301F-11D3-BF4B-00C04F79EFBC}") = "RazorPages", "RazorPages\RazorPages.csproj", "{EF5D533E-2A34-45DC-8F73-15BE4576C847}"
EndProject
Global
	GlobalSection(SolutionConfigurationPlatforms) = preSolution
		Debug|Any CPU = Debug|Any CPU
		Release|Any CPU = Release|Any CPU
	EndGlobalSection
	GlobalSection(ProjectConfigurationPlatforms) = postSolution
		{EF5D533E-2A34-45DC-8F73-15BE4576C847}.Debug|Any CPU.ActiveCfg = Debug|Any CPU
		{EF5D533E-2A34-45DC-8F73-15BE4576C847}.Debug|Any CPU.Build.0 = Debug|Any CPU
		{EF5D533E-2A34-45DC-8F73-15BE4576C847}.Release|Any CPU.ActiveCfg = Release|Any CPU
		{EF5D533E-2A34-45DC-8F73-15BE4576C847}.Release|Any CPU.Build.0 = Release|Any CPU
	EndGlobalSection
	GlobalSection(SolutionProperties) = preSolution
		HideSolutionNode = FALSE
	EndGlobalSection
	GlobalSection(ExtensibilityGlobals) = postSolution
		SolutionGuid = {FBD78983-5CC8-4070-A8D9-79E2C494C297}
	EndGlobalSection
EndGlobal
